{
  "name": "dependency_analyzer",
  "version": "1.0.0",
  "lockfileVersion": 1,
  "requires": true,
  "dependencies": {
    "php-parser": {
      "version": "3.0.1",
      "resolved": "https://registry.npmjs.org/php-parser/-/php-parser-3.0.1.tgz",
      "integrity": "sha512-m6CBPHOoMkzEHoXG0rhEg/VegSNemUNQepHnYtrRgTAh8rsqoO65KqQ32KJ5xe2iplhO0jdwd1UJ9Ea0yHsgYQ=="
    }
  }
}
